// !$*UTF8*$!
{
	archiveVersion = 1;
	classes = {
	};
	objectVersion = 55;
	objects = {

/* Begin PBXBuildFile section */
		00BC0726276BBE760062FD3C /* AppDelegate.swift in Sources */ = {isa = PBXBuildFile; fileRef = 00BC0725276BBE760062FD3C /* AppDelegate.swift */; };
		00BC0728276BBE760062FD3C /* SceneDelegate.swift in Sources */ = {isa = PBXBuildFile; fileRef = 00BC0727276BBE760062FD3C /* SceneDelegate.swift */; };
		00BC072A276BBE760062FD3C /* ViewController.swift in Sources */ = {isa = PBXBuildFile; fileRef = 00BC0729276BBE760062FD3C /* ViewController.swift */; };
		00BC072D276BBE760062FD3C /* Main.storyboard in Resources */ = {isa = PBXBuildFile; fileRef = 00BC072B276BBE760062FD3C /* Main.storyboard */; };
		00BC0730276BBE760062FD3C /* Movies.xcdatamodeld in Sources */ = {isa = PBXBuildFile; fileRef = 00BC072E276BBE760062FD3C /* Movies.xcdatamodeld */; };
		00BC0732276BBE7D0062FD3C /* Assets.xcassets in Resources */ = {isa = PBXBuildFile; fileRef = 00BC0731276BBE7D0062FD3C /* Assets.xcassets */; };
		00BC0735276BBE7D0062FD3C /* LaunchScreen.storyboard in Resources */ = {isa = PBXBuildFile; fileRef = 00BC0733276BBE7D0062FD3C /* LaunchScreen.storyboard */; };
		00BC0740276BBE7D0062FD3C /* MoviesTests.swift in Sources */ = {isa = PBXBuildFile; fileRef = 00BC073F276BBE7D0062FD3C /* MoviesTests.swift */; };
		00BC074A276BBE7E0062FD3C /* MoviesUITests.swift in Sources */ = {isa = PBXBuildFile; fileRef = 00BC0749276BBE7E0062FD3C /* MoviesUITests.swift */; };
		00BC074C276BBE7E0062FD3C /* MoviesUITestsLaunchTests.swift in Sources */ = {isa = PBXBuildFile; fileRef = 00BC074B276BBE7E0062FD3C /* MoviesUITestsLaunchTests.swift */; };
		00BC075F276BBFF70062FD3C /* MoviesListCell.swift in Sources */ = {isa = PBXBuildFile; fileRef = 00BC075D276BBFF70062FD3C /* MoviesListCell.swift */; };
		00BC0760276BBFF70062FD3C /* MoviesListCell.xib in Resources */ = {isa = PBXBuildFile; fileRef = 00BC075E276BBFF70062FD3C /* MoviesListCell.xib */; };
		00BC0762276BC61A0062FD3C /* MoviesListVM.swift in Sources */ = {isa = PBXBuildFile; fileRef = 00BC0761276BC61A0062FD3C /* MoviesListVM.swift */; };
		00BC0767276BC6FE0062FD3C /* MoviesListModels.swift in Sources */ = {isa = PBXBuildFile; fileRef = 00BC0766276BC6FE0062FD3C /* MoviesListModels.swift */; };
		00BC0769276BCD1F0062FD3C /* Constants.swift in Sources */ = {isa = PBXBuildFile; fileRef = 00BC0768276BCD1F0062FD3C /* Constants.swift */; };
		00E46212276C6C6300722498 /* MovieDetailVC.swift in Sources */ = {isa = PBXBuildFile; fileRef = 00E46211276C6C6200722498 /* MovieDetailVC.swift */; };
		00E46215276CAD7000722498 /* MovieDetailCell.swift in Sources */ = {isa = PBXBuildFile; fileRef = 00E46213276CAD7000722498 /* MovieDetailCell.swift */; };
		00E46216276CAD7000722498 /* MovieDetailCell.xib in Resources */ = {isa = PBXBuildFile; fileRef = 00E46214276CAD7000722498 /* MovieDetailCell.xib */; };
		00E4621E276D2B0400722498 /* Movies+CoreDataProperties.swift in Sources */ = {isa = PBXBuildFile; fileRef = 00E4621C276D2B0300722498 /* Movies+CoreDataProperties.swift */; };
		00E4621F276D2B0400722498 /* Movies+CoreDataClass.swift in Sources */ = {isa = PBXBuildFile; fileRef = 00E4621D276D2B0300722498 /* Movies+CoreDataClass.swift */; };
		00E46221276D51B900722498 /* Connectivity.swift in Sources */ = {isa = PBXBuildFile; fileRef = 00E46220276D51B800722498 /* Connectivity.swift */; };
		00E46225276E536900722498 /* Movie + Extensions.swift in Sources */ = {isa = PBXBuildFile; fileRef = 00E46224276E536900722498 /* Movie + Extensions.swift */; };
		00E46228276E915800722498 /* NetworkService.swift in Sources */ = {isa = PBXBuildFile; fileRef = 00E46227276E915800722498 /* NetworkService.swift */; };
		00E4622A276F3F5800722498 /* MovieDetailTest.swift in Sources */ = {isa = PBXBuildFile; fileRef = 00E46229276F3F5800722498 /* MovieDetailTest.swift */; };
		4CEC20D01BFCEA93C77AECF9 /* Pods_Movies_MoviesUITests.framework in Frameworks */ = {isa = PBXBuildFile; fileRef = 1E02446620EED931D7D15605 /* Pods_Movies_MoviesUITests.framework */; };
		5F7B0684FB9575CD68CC6418 /* Pods_Movies.framework in Frameworks */ = {isa = PBXBuildFile; fileRef = D9C1195FC0970FEFD2AC93CB /* Pods_Movies.framework */; };
		CA5D33E582EFF7B3261FAFC9 /* Pods_MoviesTests.framework in Frameworks */ = {isa = PBXBuildFile; fileRef = F333761B6E2992576CB28F97 /* Pods_MoviesTests.framework */; };
/* End PBXBuildFile section */

/* Begin PBXContainerItemProxy section */
		00BC073C276BBE7D0062FD3C /* PBXContainerItemProxy */ = {
			isa = PBXContainerItemProxy;
			containerPortal = 00BC071A276BBE760062FD3C /* Project object */;
			proxyType = 1;
			remoteGlobalIDString = 00BC0721276BBE760062FD3C;
			remoteInfo = Movies;
		};
		00BC0746276BBE7E0062FD3C /* PBXContainerItemProxy */ = {
			isa = PBXContainerItemProxy;
			containerPortal = 00BC071A276BBE760062FD3C /* Project object */;
			proxyType = 1;
			remoteGlobalIDString = 00BC0721276BBE760062FD3C;
			remoteInfo = Movies;
		};
/* End PBXContainerItemProxy section */

/* Begin PBXFileReference section */
		00BC0722276BBE760062FD3C /* Movies.app */ = {isa = PBXFileReference; explicitFileType = wrapper.application; includeInIndex = 0; path = Movies.app; sourceTree = BUILT_PRODUCTS_DIR; };
		00BC0725276BBE760062FD3C /* AppDelegate.swift */ = {isa = PBXFileReference; lastKnownFileType = sourcecode.swift; path = AppDelegate.swift; sourceTree = "<group>"; };
		00BC0727276BBE760062FD3C /* SceneDelegate.swift */ = {isa = PBXFileReference; lastKnownFileType = sourcecode.swift; path = SceneDelegate.swift; sourceTree = "<group>"; };
		00BC0729276BBE760062FD3C /* ViewController.swift */ = {isa = PBXFileReference; lastKnownFileType = sourcecode.swift; path = ViewController.swift; sourceTree = "<group>"; };
		00BC072C276BBE760062FD3C /* Base */ = {isa = PBXFileReference; lastKnownFileType = file.storyboard; name = Base; path = Base.lproj/Main.storyboard; sourceTree = "<group>"; };
		00BC072F276BBE760062FD3C /* Movies.xcdatamodel */ = {isa = PBXFileReference; lastKnownFileType = wrapper.xcdatamodel; path = Movies.xcdatamodel; sourceTree = "<group>"; };
		00BC0731276BBE7D0062FD3C /* Assets.xcassets */ = {isa = PBXFileReference; lastKnownFileType = folder.assetcatalog; path = Assets.xcassets; sourceTree = "<group>"; };
		00BC0734276BBE7D0062FD3C /* Base */ = {isa = PBXFileReference; lastKnownFileType = file.storyboard; name = Base; path = Base.lproj/LaunchScreen.storyboard; sourceTree = "<group>"; };
		00BC0736276BBE7D0062FD3C /* Info.plist */ = {isa = PBXFileReference; lastKnownFileType = text.plist.xml; path = Info.plist; sourceTree = "<group>"; };
		00BC073B276BBE7D0062FD3C /* MoviesTests.xctest */ = {isa = PBXFileReference; explicitFileType = wrapper.cfbundle; includeInIndex = 0; path = MoviesTests.xctest; sourceTree = BUILT_PRODUCTS_DIR; };
		00BC073F276BBE7D0062FD3C /* MoviesTests.swift */ = {isa = PBXFileReference; lastKnownFileType = sourcecode.swift; path = MoviesTests.swift; sourceTree = "<group>"; };
		00BC0745276BBE7E0062FD3C /* MoviesUITests.xctest */ = {isa = PBXFileReference; explicitFileType = wrapper.cfbundle; includeInIndex = 0; path = MoviesUITests.xctest; sourceTree = BUILT_PRODUCTS_DIR; };
		00BC0749276BBE7E0062FD3C /* MoviesUITests.swift */ = {isa = PBXFileReference; lastKnownFileType = sourcecode.swift; path = MoviesUITests.swift; sourceTree = "<group>"; };
		00BC074B276BBE7E0062FD3C /* MoviesUITestsLaunchTests.swift */ = {isa = PBXFileReference; lastKnownFileType = sourcecode.swift; path = MoviesUITestsLaunchTests.swift; sourceTree = "<group>"; };
		00BC075D276BBFF70062FD3C /* MoviesListCell.swift */ = {isa = PBXFileReference; lastKnownFileType = sourcecode.swift; path = MoviesListCell.swift; sourceTree = "<group>"; };
		00BC075E276BBFF70062FD3C /* MoviesListCell.xib */ = {isa = PBXFileReference; lastKnownFileType = file.xib; path = MoviesListCell.xib; sourceTree = "<group>"; };
		00BC0761276BC61A0062FD3C /* MoviesListVM.swift */ = {isa = PBXFileReference; lastKnownFileType = sourcecode.swift; path = MoviesListVM.swift; sourceTree = "<group>"; };
		00BC0766276BC6FE0062FD3C /* MoviesListModels.swift */ = {isa = PBXFileReference; lastKnownFileType = sourcecode.swift; path = MoviesListModels.swift; sourceTree = "<group>"; };
		00BC0768276BCD1F0062FD3C /* Constants.swift */ = {isa = PBXFileReference; lastKnownFileType = sourcecode.swift; path = Constants.swift; sourceTree = "<group>"; };
		00E46211276C6C6200722498 /* MovieDetailVC.swift */ = {isa = PBXFileReference; lastKnownFileType = sourcecode.swift; path = MovieDetailVC.swift; sourceTree = "<group>"; };
		00E46213276CAD7000722498 /* MovieDetailCell.swift */ = {isa = PBXFileReference; lastKnownFileType = sourcecode.swift; path = MovieDetailCell.swift; sourceTree = "<group>"; };
		00E46214276CAD7000722498 /* MovieDetailCell.xib */ = {isa = PBXFileReference; lastKnownFileType = file.xib; path = MovieDetailCell.xib; sourceTree = "<group>"; };
		00E4621C276D2B0300722498 /* Movies+CoreDataProperties.swift */ = {isa = PBXFileReference; fileEncoding = 4; lastKnownFileType = sourcecode.swift; path = "Movies+CoreDataProperties.swift"; sourceTree = "<group>"; };
		00E4621D276D2B0300722498 /* Movies+CoreDataClass.swift */ = {isa = PBXFileReference; fileEncoding = 4; lastKnownFileType = sourcecode.swift; path = "Movies+CoreDataClass.swift"; sourceTree = "<group>"; };
		00E46220276D51B800722498 /* Connectivity.swift */ = {isa = PBXFileReference; lastKnownFileType = sourcecode.swift; path = Connectivity.swift; sourceTree = "<group>"; };
		00E46224276E536900722498 /* Movie + Extensions.swift */ = {isa = PBXFileReference; lastKnownFileType = sourcecode.swift; path = "Movie + Extensions.swift"; sourceTree = "<group>"; };
		00E46227276E915800722498 /* NetworkService.swift */ = {isa = PBXFileReference; lastKnownFileType = sourcecode.swift; path = NetworkService.swift; sourceTree = "<group>"; };
		00E46229276F3F5800722498 /* MovieDetailTest.swift */ = {isa = PBXFileReference; lastKnownFileType = sourcecode.swift; path = MovieDetailTest.swift; sourceTree = "<group>"; };
		06D7D61DEE219F9EB12D9BF1 /* Pods-Movies-MoviesUITests.release.xcconfig */ = {isa = PBXFileReference; includeInIndex = 1; lastKnownFileType = text.xcconfig; name = "Pods-Movies-MoviesUITests.release.xcconfig"; path = "Target Support Files/Pods-Movies-MoviesUITests/Pods-Movies-MoviesUITests.release.xcconfig"; sourceTree = "<group>"; };
		1E02446620EED931D7D15605 /* Pods_Movies_MoviesUITests.framework */ = {isa = PBXFileReference; explicitFileType = wrapper.framework; includeInIndex = 0; path = Pods_Movies_MoviesUITests.framework; sourceTree = BUILT_PRODUCTS_DIR; };
		269CB95561A55BA42CE915C7 /* Pods-Movies-MoviesUITests.debug.xcconfig */ = {isa = PBXFileReference; includeInIndex = 1; lastKnownFileType = text.xcconfig; name = "Pods-Movies-MoviesUITests.debug.xcconfig"; path = "Target Support Files/Pods-Movies-MoviesUITests/Pods-Movies-MoviesUITests.debug.xcconfig"; sourceTree = "<group>"; };
		48B826EA6507ABF5381D6A79 /* Pods-MoviesTests.debug.xcconfig */ = {isa = PBXFileReference; includeInIndex = 1; lastKnownFileType = text.xcconfig; name = "Pods-MoviesTests.debug.xcconfig"; path = "Target Support Files/Pods-MoviesTests/Pods-MoviesTests.debug.xcconfig"; sourceTree = "<group>"; };
		653A9E2C8A7D72E3E3A246F7 /* Pods-Movies.debug.xcconfig */ = {isa = PBXFileReference; includeInIndex = 1; lastKnownFileType = text.xcconfig; name = "Pods-Movies.debug.xcconfig"; path = "Target Support Files/Pods-Movies/Pods-Movies.debug.xcconfig"; sourceTree = "<group>"; };
		95E81B509BB265E2A7C4A26D /* Pods-MoviesTests.release.xcconfig */ = {isa = PBXFileReference; includeInIndex = 1; lastKnownFileType = text.xcconfig; name = "Pods-MoviesTests.release.xcconfig"; path = "Target Support Files/Pods-MoviesTests/Pods-MoviesTests.release.xcconfig"; sourceTree = "<group>"; };
		B8916092D794F2DC17B37922 /* Pods-Movies.release.xcconfig */ = {isa = PBXFileReference; includeInIndex = 1; lastKnownFileType = text.xcconfig; name = "Pods-Movies.release.xcconfig"; path = "Target Support Files/Pods-Movies/Pods-Movies.release.xcconfig"; sourceTree = "<group>"; };
		D9C1195FC0970FEFD2AC93CB /* Pods_Movies.framework */ = {isa = PBXFileReference; explicitFileType = wrapper.framework; includeInIndex = 0; path = Pods_Movies.framework; sourceTree = BUILT_PRODUCTS_DIR; };
		F333761B6E2992576CB28F97 /* Pods_MoviesTests.framework */ = {isa = PBXFileReference; explicitFileType = wrapper.framework; includeInIndex = 0; path = Pods_MoviesTests.framework; sourceTree = BUILT_PRODUCTS_DIR; };
/* End PBXFileReference section */

/* Begin PBXFrameworksBuildPhase section */
		00BC071F276BBE760062FD3C /* Frameworks */ = {
			isa = PBXFrameworksBuildPhase;
			buildActionMask = 2147483647;
			files = (
				5F7B0684FB9575CD68CC6418 /* Pods_Movies.framework in Frameworks */,
			);
			runOnlyForDeploymentPostprocessing = 0;
		};
		00BC0738276BBE7D0062FD3C /* Frameworks */ = {
			isa = PBXFrameworksBuildPhase;
			buildActionMask = 2147483647;
			files = (
				CA5D33E582EFF7B3261FAFC9 /* Pods_MoviesTests.framework in Frameworks */,
			);
			runOnlyForDeploymentPostprocessing = 0;
		};
		00BC0742276BBE7D0062FD3C /* Frameworks */ = {
			isa = PBXFrameworksBuildPhase;
			buildActionMask = 2147483647;
			files = (
				4CEC20D01BFCEA93C77AECF9 /* Pods_Movies_MoviesUITests.framework in Frameworks */,
			);
			runOnlyForDeploymentPostprocessing = 0;
		};
/* End PBXFrameworksBuildPhase section */

/* Begin PBXGroup section */
		00BC0719276BBE760062FD3C = {
			isa = PBXGroup;
			children = (
				00BC0724276BBE760062FD3C /* Movies */,
				00BC073E276BBE7D0062FD3C /* MoviesTests */,
				00BC0748276BBE7E0062FD3C /* MoviesUITests */,
				00BC0723276BBE760062FD3C /* Products */,
				9C54DF392CBB05287C7A935E /* Pods */,
				7A8ABA8DDFD9835DB1204ACE /* Frameworks */,
			);
			sourceTree = "<group>";
		};
		00BC0723276BBE760062FD3C /* Products */ = {
			isa = PBXGroup;
			children = (
				00BC0722276BBE760062FD3C /* Movies.app */,
				00BC073B276BBE7D0062FD3C /* MoviesTests.xctest */,
				00BC0745276BBE7E0062FD3C /* MoviesUITests.xctest */,
			);
			name = Products;
			sourceTree = "<group>";
		};
		00BC0724276BBE760062FD3C /* Movies */ = {
			isa = PBXGroup;
			children = (
				00E46217276D1B2400722498 /* CoreDataMapper */,
				00BC0758276BBE940062FD3C /* Models */,
				00BC075B276BBEBB0062FD3C /* Views */,
				00BC0759276BBE9E0062FD3C /* ViewModels */,
				00BC075A276BBEAA0062FD3C /* Controllers */,
				00BC075C276BBEC80062FD3C /* Resources */,
				00BC0736276BBE7D0062FD3C /* Info.plist */,
				00BC072E276BBE760062FD3C /* Movies.xcdatamodeld */,
			);
			path = Movies;
			sourceTree = "<group>";
		};
		00BC073E276BBE7D0062FD3C /* MoviesTests */ = {
			isa = PBXGroup;
			children = (
				00BC073F276BBE7D0062FD3C /* MoviesTests.swift */,
				00E46229276F3F5800722498 /* MovieDetailTest.swift */,
			);
			path = MoviesTests;
			sourceTree = "<group>";
		};
		00BC0748276BBE7E0062FD3C /* MoviesUITests */ = {
			isa = PBXGroup;
			children = (
				00BC0749276BBE7E0062FD3C /* MoviesUITests.swift */,
				00BC074B276BBE7E0062FD3C /* MoviesUITestsLaunchTests.swift */,
			);
			path = MoviesUITests;
			sourceTree = "<group>";
		};
		00BC0758276BBE940062FD3C /* Models */ = {
			isa = PBXGroup;
			children = (
				00BC0766276BC6FE0062FD3C /* MoviesListModels.swift */,
			);
			path = Models;
			sourceTree = "<group>";
		};
		00BC0759276BBE9E0062FD3C /* ViewModels */ = {
			isa = PBXGroup;
			children = (
				00BC0761276BC61A0062FD3C /* MoviesListVM.swift */,
			);
			path = ViewModels;
			sourceTree = "<group>";
		};
		00BC075A276BBEAA0062FD3C /* Controllers */ = {
			isa = PBXGroup;
			children = (
				00BC0729276BBE760062FD3C /* ViewController.swift */,
				00E46211276C6C6200722498 /* MovieDetailVC.swift */,
			);
			path = Controllers;
			sourceTree = "<group>";
		};
		00BC075B276BBEBB0062FD3C /* Views */ = {
			isa = PBXGroup;
			children = (
				00BC075D276BBFF70062FD3C /* MoviesListCell.swift */,
				00BC075E276BBFF70062FD3C /* MoviesListCell.xib */,
				00E46213276CAD7000722498 /* MovieDetailCell.swift */,
				00E46214276CAD7000722498 /* MovieDetailCell.xib */,
			);
			path = Views;
			sourceTree = "<group>";
		};
		00BC075C276BBEC80062FD3C /* Resources */ = {
			isa = PBXGroup;
			children = (
				00BC0765276BC6BF0062FD3C /* Assets */,
				00BC0764276BC6960062FD3C /* Storyboards */,
				00BC0763276BC6820062FD3C /* Commons */,
			);
			path = Resources;
			sourceTree = "<group>";
		};
		00BC0763276BC6820062FD3C /* Commons */ = {
			isa = PBXGroup;
			children = (
				00BC0725276BBE760062FD3C /* AppDelegate.swift */,
				00BC0727276BBE760062FD3C /* SceneDelegate.swift */,
				00BC0768276BCD1F0062FD3C /* Constants.swift */,
				00E46220276D51B800722498 /* Connectivity.swift */,
				00E46224276E536900722498 /* Movie + Extensions.swift */,
				00E46227276E915800722498 /* NetworkService.swift */,
			);
			path = Commons;
			sourceTree = "<group>";
		};
		00BC0764276BC6960062FD3C /* Storyboards */ = {
			isa = PBXGroup;
			children = (
				00BC072B276BBE760062FD3C /* Main.storyboard */,
				00BC0733276BBE7D0062FD3C /* LaunchScreen.storyboard */,
			);
			path = Storyboards;
			sourceTree = "<group>";
		};
		00BC0765276BC6BF0062FD3C /* Assets */ = {
			isa = PBXGroup;
			children = (
				00BC0731276BBE7D0062FD3C /* Assets.xcassets */,
			);
			path = Assets;
			sourceTree = "<group>";
		};
		00E46217276D1B2400722498 /* CoreDataMapper */ = {
			isa = PBXGroup;
			children = (
				00E4621D276D2B0300722498 /* Movies+CoreDataClass.swift */,
				00E4621C276D2B0300722498 /* Movies+CoreDataProperties.swift */,
			);
			path = CoreDataMapper;
			sourceTree = "<group>";
		};
		7A8ABA8DDFD9835DB1204ACE /* Frameworks */ = {
			isa = PBXGroup;
			children = (
				D9C1195FC0970FEFD2AC93CB /* Pods_Movies.framework */,
				1E02446620EED931D7D15605 /* Pods_Movies_MoviesUITests.framework */,
				F333761B6E2992576CB28F97 /* Pods_MoviesTests.framework */,
			);
			name = Frameworks;
			sourceTree = "<group>";
		};
		9C54DF392CBB05287C7A935E /* Pods */ = {
			isa = PBXGroup;
			children = (
				653A9E2C8A7D72E3E3A246F7 /* Pods-Movies.debug.xcconfig */,
				B8916092D794F2DC17B37922 /* Pods-Movies.release.xcconfig */,
				269CB95561A55BA42CE915C7 /* Pods-Movies-MoviesUITests.debug.xcconfig */,
				06D7D61DEE219F9EB12D9BF1 /* Pods-Movies-MoviesUITests.release.xcconfig */,
				48B826EA6507ABF5381D6A79 /* Pods-MoviesTests.debug.xcconfig */,
				95E81B509BB265E2A7C4A26D /* Pods-MoviesTests.release.xcconfig */,
			);
			path = Pods;
			sourceTree = "<group>";
		};
/* End PBXGroup section */

/* Begin PBXNativeTarget section */
		00BC0721276BBE760062FD3C /* Movies */ = {
			isa = PBXNativeTarget;
			buildConfigurationList = 00BC074F276BBE7E0062FD3C /* Build configuration list for PBXNativeTarget "Movies" */;
			buildPhases = (
				57C07A1F5ED61BF99727026D /* [CP] Check Pods Manifest.lock */,
				00BC071E276BBE760062FD3C /* Sources */,
				00BC071F276BBE760062FD3C /* Frameworks */,
				00BC0720276BBE760062FD3C /* Resources */,
				4D6DA6C56F7FAF80ABD56506 /* [CP] Embed Pods Frameworks */,
			);
			buildRules = (
			);
			dependencies = (
			);
			name = Movies;
			productName = Movies;
			productReference = 00BC0722276BBE760062FD3C /* Movies.app */;
			productType = "com.apple.product-type.application";
		};
		00BC073A276BBE7D0062FD3C /* MoviesTests */ = {
			isa = PBXNativeTarget;
			buildConfigurationList = 00BC0752276BBE7E0062FD3C /* Build configuration list for PBXNativeTarget "MoviesTests" */;
			buildPhases = (
				A15FF6416B601ECB151FF98D /* [CP] Check Pods Manifest.lock */,
				00BC0737276BBE7D0062FD3C /* Sources */,
				00BC0738276BBE7D0062FD3C /* Frameworks */,
				00BC0739276BBE7D0062FD3C /* Resources */,
			);
			buildRules = (
			);
			dependencies = (
				00BC073D276BBE7D0062FD3C /* PBXTargetDependency */,
			);
			name = MoviesTests;
			productName = MoviesTests;
			productReference = 00BC073B276BBE7D0062FD3C /* MoviesTests.xctest */;
			productType = "com.apple.product-type.bundle.unit-test";
		};
		00BC0744276BBE7D0062FD3C /* MoviesUITests */ = {
			isa = PBXNativeTarget;
			buildConfigurationList = 00BC0755276BBE7E0062FD3C /* Build configuration list for PBXNativeTarget "MoviesUITests" */;
			buildPhases = (
				14F353C05B83DF8403050238 /* [CP] Check Pods Manifest.lock */,
				00BC0741276BBE7D0062FD3C /* Sources */,
				00BC0742276BBE7D0062FD3C /* Frameworks */,
				00BC0743276BBE7D0062FD3C /* Resources */,
				43F0E4175CFC7DE6503F0853 /* [CP] Embed Pods Frameworks */,
			);
			buildRules = (
			);
			dependencies = (
				00BC0747276BBE7E0062FD3C /* PBXTargetDependency */,
			);
			name = MoviesUITests;
			productName = MoviesUITests;
			productReference = 00BC0745276BBE7E0062FD3C /* MoviesUITests.xctest */;
			productType = "com.apple.product-type.bundle.ui-testing";
		};
/* End PBXNativeTarget section */

/* Begin PBXProject section */
		00BC071A276BBE760062FD3C /* Project object */ = {
			isa = PBXProject;
			attributes = {
				BuildIndependentTargetsInParallel = 1;
				LastSwiftUpdateCheck = 1320;
				LastUpgradeCheck = 1320;
				TargetAttributes = {
					00BC0721276BBE760062FD3C = {
						CreatedOnToolsVersion = 13.2;
					};
					00BC073A276BBE7D0062FD3C = {
						CreatedOnToolsVersion = 13.2;
						TestTargetID = 00BC0721276BBE760062FD3C;
					};
					00BC0744276BBE7D0062FD3C = {
						CreatedOnToolsVersion = 13.2;
						TestTargetID = 00BC0721276BBE760062FD3C;
					};
				};
			};
			buildConfigurationList = 00BC071D276BBE760062FD3C /* Build configuration list for PBXProject "Movies" */;
			compatibilityVersion = "Xcode 13.0";
			developmentRegion = en;
			hasScannedForEncodings = 0;
			knownRegions = (
				en,
				Base,
			);
			mainGroup = 00BC0719276BBE760062FD3C;
			productRefGroup = 00BC0723276BBE760062FD3C /* Products */;
			projectDirPath = "";
			projectRoot = "";
			targets = (
				00BC0721276BBE760062FD3C /* Movies */,
				00BC073A276BBE7D0062FD3C /* MoviesTests */,
				00BC0744276BBE7D0062FD3C /* MoviesUITests */,
			);
		};
/* End PBXProject section */

/* Begin PBXResourcesBuildPhase section */
		00BC0720276BBE760062FD3C /* Resources */ = {
			isa = PBXResourcesBuildPhase;
			buildActionMask = 2147483647;
			files = (
				00BC0735276BBE7D0062FD3C /* LaunchScreen.storyboard in Resources */,
				00BC0732276BBE7D0062FD3C /* Assets.xcassets in Resources */,
				00E46216276CAD7000722498 /* MovieDetailCell.xib in Resources */,
				00BC0760276BBFF70062FD3C /* MoviesListCell.xib in Resources */,
				00BC072D276BBE760062FD3C /* Main.storyboard in Resources */,
			);
			runOnlyForDeploymentPostprocessing = 0;
		};
		00BC0739276BBE7D0062FD3C /* Resources */ = {
			isa = PBXResourcesBuildPhase;
			buildActionMask = 2147483647;
			files = (
			);
			runOnlyForDeploymentPostprocessing = 0;
		};
		00BC0743276BBE7D0062FD3C /* Resources */ = {
			isa = PBXResourcesBuildPhase;
			buildActionMask = 2147483647;
			files = (
			);
			runOnlyForDeploymentPostprocessing = 0;
		};
/* End PBXResourcesBuildPhase section */

/* Begin PBXShellScriptBuildPhase section */
		14F353C05B83DF8403050238 /* [CP] Check Pods Manifest.lock */ = {
			isa = PBXShellScriptBuildPhase;
			buildActionMask = 2147483647;
			files = (
			);
			inputFileListPaths = (
			);
			inputPaths = (
				"${PODS_PODFILE_DIR_PATH}/Podfile.lock",
				"${PODS_ROOT}/Manifest.lock",
			);
			name = "[CP] Check Pods Manifest.lock";
			outputFileListPaths = (
			);
			outputPaths = (
				"$(DERIVED_FILE_DIR)/Pods-Movies-MoviesUITests-checkManifestLockResult.txt",
			);
			runOnlyForDeploymentPostprocessing = 0;
			shellPath = /bin/sh;
			shellScript = "diff \"${PODS_PODFILE_DIR_PATH}/Podfile.lock\" \"${PODS_ROOT}/Manifest.lock\" > /dev/null\nif [ $? != 0 ] ; then\n    # print error to STDERR\n    echo \"error: The sandbox is not in sync with the Podfile.lock. Run 'pod install' or update your CocoaPods installation.\" >&2\n    exit 1\nfi\n# This output is used by Xcode 'outputs' to avoid re-running this script phase.\necho \"SUCCESS\" > \"${SCRIPT_OUTPUT_FILE_0}\"\n";
			showEnvVarsInLog = 0;
		};
		43F0E4175CFC7DE6503F0853 /* [CP] Embed Pods Frameworks */ = {
			isa = PBXShellScriptBuildPhase;
			buildActionMask = 2147483647;
			files = (
			);
			inputFileListPaths = (
				"${PODS_ROOT}/Target Support Files/Pods-Movies-MoviesUITests/Pods-Movies-MoviesUITests-frameworks-${CONFIGURATION}-input-files.xcfilelist",
			);
			name = "[CP] Embed Pods Frameworks";
			outputFileListPaths = (
				"${PODS_ROOT}/Target Support Files/Pods-Movies-MoviesUITests/Pods-Movies-MoviesUITests-frameworks-${CONFIGURATION}-output-files.xcfilelist",
			);
			runOnlyForDeploymentPostprocessing = 0;
			shellPath = /bin/sh;
			shellScript = "\"${PODS_ROOT}/Target Support Files/Pods-Movies-MoviesUITests/Pods-Movies-MoviesUITests-frameworks.sh\"\n";
			showEnvVarsInLog = 0;
		};
		4D6DA6C56F7FAF80ABD56506 /* [CP] Embed Pods Frameworks */ = {
			isa = PBXShellScriptBuildPhase;
			buildActionMask = 2147483647;
			files = (
			);
			inputFileListPaths = (
				"${PODS_ROOT}/Target Support Files/Pods-Movies/Pods-Movies-frameworks-${CONFIGURATION}-input-files.xcfilelist",
			);
			name = "[CP] Embed Pods Frameworks";
			outputFileListPaths = (
				"${PODS_ROOT}/Target Support Files/Pods-Movies/Pods-Movies-frameworks-${CONFIGURATION}-output-files.xcfilelist",
			);
			runOnlyForDeploymentPostprocessing = 0;
			shellPath = /bin/sh;
			shellScript = "\"${PODS_ROOT}/Target Support Files/Pods-Movies/Pods-Movies-frameworks.sh\"\n";
			showEnvVarsInLog = 0;
		};
		57C07A1F5ED61BF99727026D /* [CP] Check Pods Manifest.lock */ = {
			isa = PBXShellScriptBuildPhase;
			buildActionMask = 2147483647;
			files = (
			);
			inputFileListPaths = (
			);
			inputPaths = (
				"${PODS_PODFILE_DIR_PATH}/Podfile.lock",
				"${PODS_ROOT}/Manifest.lock",
			);
			name = "[CP] Check Pods Manifest.lock";
			outputFileListPaths = (
			);
			outputPaths = (
				"$(DERIVED_FILE_DIR)/Pods-Movies-checkManifestLockResult.txt",
			);
			runOnlyForDeploymentPostprocessing = 0;
			shellPath = /bin/sh;
			shellScript = "diff \"${PODS_PODFILE_DIR_PATH}/Podfile.lock\" \"${PODS_ROOT}/Manifest.lock\" > /dev/null\nif [ $? != 0 ] ; then\n    # print error to STDERR\n    echo \"error: The sandbox is not in sync with the Podfile.lock. Run 'pod install' or update your CocoaPods installation.\" >&2\n    exit 1\nfi\n# This output is used by Xcode 'outputs' to avoid re-running this script phase.\necho \"SUCCESS\" > \"${SCRIPT_OUTPUT_FILE_0}\"\n";
			showEnvVarsInLog = 0;
		};
		A15FF6416B601ECB151FF98D /* [CP] Check Pods Manifest.lock */ = {
			isa = PBXShellScriptBuildPhase;
			buildActionMask = 2147483647;
			files = (
			);
			inputFileListPaths = (
			);
			inputPaths = (
				"${PODS_PODFILE_DIR_PATH}/Podfile.lock",
				"${PODS_ROOT}/Manifest.lock",
			);
			name = "[CP] Check Pods Manifest.lock";
			outputFileListPaths = (
			);
			outputPaths = (
				"$(DERIVED_FILE_DIR)/Pods-MoviesTests-checkManifestLockResult.txt",
			);
			runOnlyForDeploymentPostprocessing = 0;
			shellPath = /bin/sh;
			shellScript = "diff \"${PODS_PODFILE_DIR_PATH}/Podfile.lock\" \"${PODS_ROOT}/Manifest.lock\" > /dev/null\nif [ $? != 0 ] ; then\n    # print error to STDERR\n    echo \"error: The sandbox is not in sync with the Podfile.lock. Run 'pod install' or update your CocoaPods installation.\" >&2\n    exit 1\nfi\n# This output is used by Xcode 'outputs' to avoid re-running this script phase.\necho \"SUCCESS\" > \"${SCRIPT_OUTPUT_FILE_0}\"\n";
			showEnvVarsInLog = 0;
		};
/* End PBXShellScriptBuildPhase section */

/* Begin PBXSourcesBuildPhase section */
		00BC071E276BBE760062FD3C /* Sources */ = {
			isa = PBXSourcesBuildPhase;
			buildActionMask = 2147483647;
			files = (
				00BC072A276BBE760062FD3C /* ViewController.swift in Sources */,
				00BC0726276BBE760062FD3C /* AppDelegate.swift in Sources */,
				00BC075F276BBFF70062FD3C /* MoviesListCell.swift in Sources */,
				00E4621E276D2B0400722498 /* Movies+CoreDataProperties.swift in Sources */,
				00BC0762276BC61A0062FD3C /* MoviesListVM.swift in Sources */,
				00BC0730276BBE760062FD3C /* Movies.xcdatamodeld in Sources */,
				00E46225276E536900722498 /* Movie + Extensions.swift in Sources */,
				00E46215276CAD7000722498 /* MovieDetailCell.swift in Sources */,
				00E46212276C6C6300722498 /* MovieDetailVC.swift in Sources */,
				00E46221276D51B900722498 /* Connectivity.swift in Sources */,
				00E46228276E915800722498 /* NetworkService.swift in Sources */,
				00E4621F276D2B0400722498 /* Movies+CoreDataClass.swift in Sources */,
				00BC0767276BC6FE0062FD3C /* MoviesListModels.swift in Sources */,
				00BC0728276BBE760062FD3C /* SceneDelegate.swift in Sources */,
				00BC0769276BCD1F0062FD3C /* Constants.swift in Sources */,
			);
			runOnlyForDeploymentPostprocessing = 0;
		};
		00BC0737276BBE7D0062FD3C /* Sources */ = {
			isa = PBXSourcesBuildPhase;
			buildActionMask = 2147483647;
			files = (
				00BC0740276BBE7D0062FD3C /* MoviesTests.swift in Sources */,
				00E4622A276F3F5800722498 /* MovieDetailTest.swift in Sources */,
			);
			runOnlyForDeploymentPostprocessing = 0;
		};
		00BC0741276BBE7D0062FD3C /* Sources */ = {
			isa = PBXSourcesBuildPhase;
			buildActionMask = 2147483647;
			files = (
				00BC074A276BBE7E0062FD3C /* MoviesUITests.swift in Sources */,
				00BC074C276BBE7E0062FD3C /* MoviesUITestsLaunchTests.swift in Sources */,
			);
			runOnlyForDeploymentPostprocessing = 0;
		};
/* End PBXSourcesBuildPhase section */

/* Begin PBXTargetDependency section */
		00BC073D276BBE7D0062FD3C /* PBXTargetDependency */ = {
			isa = PBXTargetDependency;
			target = 00BC0721276BBE760062FD3C /* Movies */;
			targetProxy = 00BC073C276BBE7D0062FD3C /* PBXContainerItemProxy */;
		};
		00BC0747276BBE7E0062FD3C /* PBXTargetDependency */ = {
			isa = PBXTargetDependency;
			target = 00BC0721276BBE760062FD3C /* Movies */;
			targetProxy = 00BC0746276BBE7E0062FD3C /* PBXContainerItemProxy */;
		};
/* End PBXTargetDependency section */

/* Begin PBXVariantGroup section */
		00BC072B276BBE760062FD3C /* Main.storyboard */ = {
			isa = PBXVariantGroup;
			children = (
				00BC072C276BBE760062FD3C /* Base */,
			);
			name = Main.storyboard;
			sourceTree = "<group>";
		};
		00BC0733276BBE7D0062FD3C /* LaunchScreen.storyboard */ = {
			isa = PBXVariantGroup;
			children = (
				00BC0734276BBE7D0062FD3C /* Base */,
			);
			name = LaunchScreen.storyboard;
			sourceTree = "<group>";
		};
/* End PBXVariantGroup section */

/* Begin XCBuildConfiguration section */
		00BC074D276BBE7E0062FD3C /* Debug */ = {
			isa = XCBuildConfiguration;
			buildSettings = {
				ALWAYS_SEARCH_USER_PATHS = NO;
				CLANG_ANALYZER_NONNULL = YES;
				CLANG_ANALYZER_NUMBER_OBJECT_CONVERSION = YES_AGGRESSIVE;
				CLANG_CXX_LANGUAGE_STANDARD = "gnu++17";
				CLANG_CXX_LIBRARY = "libc++";
				CLANG_ENABLE_MODULES = YES;
				CLANG_ENABLE_OBJC_ARC = YES;
				CLANG_ENABLE_OBJC_WEAK = YES;
				CLANG_WARN_BLOCK_CAPTURE_AUTORELEASING = YES;
				CLANG_WARN_BOOL_CONVERSION = YES;
				CLANG_WARN_COMMA = YES;
				CLANG_WARN_CONSTANT_CONVERSION = YES;
				CLANG_WARN_DEPRECATED_OBJC_IMPLEMENTATIONS = YES;
				CLANG_WARN_DIRECT_OBJC_ISA_USAGE = YES_ERROR;
				CLANG_WARN_DOCUMENTATION_COMMENTS = YES;
				CLANG_WARN_EMPTY_BODY = YES;
				CLANG_WARN_ENUM_CONVERSION = YES;
				CLANG_WARN_INFINITE_RECURSION = YES;
				CLANG_WARN_INT_CONVERSION = YES;
				CLANG_WARN_NON_LITERAL_NULL_CONVERSION = YES;
				CLANG_WARN_OBJC_IMPLICIT_RETAIN_SELF = YES;
				CLANG_WARN_OBJC_LITERAL_CONVERSION = YES;
				CLANG_WARN_OBJC_ROOT_CLASS = YES_ERROR;
				CLANG_WARN_QUOTED_INCLUDE_IN_FRAMEWORK_HEADER = YES;
				CLANG_WARN_RANGE_LOOP_ANALYSIS = YES;
				CLANG_WARN_STRICT_PROTOTYPES = YES;
				CLANG_WARN_SUSPICIOUS_MOVE = YES;
				CLANG_WARN_UNGUARDED_AVAILABILITY = YES_AGGRESSIVE;
				CLANG_WARN_UNREACHABLE_CODE = YES;
				CLANG_WARN__DUPLICATE_METHOD_MATCH = YES;
				COPY_PHASE_STRIP = NO;
				DEBUG_INFORMATION_FORMAT = dwarf;
				ENABLE_STRICT_OBJC_MSGSEND = YES;
				ENABLE_TESTABILITY = YES;
				GCC_C_LANGUAGE_STANDARD = gnu11;
				GCC_DYNAMIC_NO_PIC = NO;
				GCC_NO_COMMON_BLOCKS = YES;
				GCC_OPTIMIZATION_LEVEL = 0;
				GCC_PREPROCESSOR_DEFINITIONS = (
					"DEBUG=1",
					"$(inherited)",
				);
				GCC_WARN_64_TO_32_BIT_CONVERSION = YES;
				GCC_WARN_ABOUT_RETURN_TYPE = YES_ERROR;
				GCC_WARN_UNDECLARED_SELECTOR = YES;
				GCC_WARN_UNINITIALIZED_AUTOS = YES_AGGRESSIVE;
				GCC_WARN_UNUSED_FUNCTION = YES;
				GCC_WARN_UNUSED_VARIABLE = YES;
				IPHONEOS_DEPLOYMENT_TARGET = 15.2;
				MTL_ENABLE_DEBUG_INFO = INCLUDE_SOURCE;
				MTL_FAST_MATH = YES;
				ONLY_ACTIVE_ARCH = YES;
				SDKROOT = iphoneos;
				SWIFT_ACTIVE_COMPILATION_CONDITIONS = DEBUG;
				SWIFT_OPTIMIZATION_LEVEL = "-Onone";
			};
			name = Debug;
		};
		00BC074E276BBE7E0062FD3C /* Release */ = {
			isa = XCBuildConfiguration;
			buildSettings = {
				ALWAYS_SEARCH_USER_PATHS = NO;
				CLANG_ANALYZER_NONNULL = YES;
				CLANG_ANALYZER_NUMBER_OBJECT_CONVERSION = YES_AGGRESSIVE;
				CLANG_CXX_LANGUAGE_STANDARD = "gnu++17";
				CLANG_CXX_LIBRARY = "libc++";
				CLANG_ENABLE_MODULES = YES;
				CLANG_ENABLE_OBJC_ARC = YES;
				CLANG_ENABLE_OBJC_WEAK = YES;
				CLANG_WARN_BLOCK_CAPTURE_AUTORELEASING = YES;
				CLANG_WARN_BOOL_CONVERSION = YES;
				CLANG_WARN_COMMA = YES;
				CLANG_WARN_CONSTANT_CONVERSION = YES;
				CLANG_WARN_DEPRECATED_OBJC_IMPLEMENTATIONS = YES;
				CLANG_WARN_DIRECT_OBJC_ISA_USAGE = YES_ERROR;
				CLANG_WARN_DOCUMENTATION_COMMENTS = YES;
				CLANG_WARN_EMPTY_BODY = YES;
				CLANG_WARN_ENUM_CONVERSION = YES;
				CLANG_WARN_INFINITE_RECURSION = YES;
				CLANG_WARN_INT_CONVERSION = YES;
				CLANG_WARN_NON_LITERAL_NULL_CONVERSION = YES;
				CLANG_WARN_OBJC_IMPLICIT_RETAIN_SELF = YES;
				CLANG_WARN_OBJC_LITERAL_CONVERSION = YES;
				CLANG_WARN_OBJC_ROOT_CLASS = YES_ERROR;
				CLANG_WARN_QUOTED_INCLUDE_IN_FRAMEWORK_HEADER = YES;
				CLANG_WARN_RANGE_LOOP_ANALYSIS = YES;
				CLANG_WARN_STRICT_PROTOTYPES = YES;
				CLANG_WARN_SUSPICIOUS_MOVE = YES;
				CLANG_WARN_UNGUARDED_AVAILABILITY = YES_AGGRESSIVE;
				CLANG_WARN_UNREACHABLE_CODE = YES;
				CLANG_WARN__DUPLICATE_METHOD_MATCH = YES;
				COPY_PHASE_STRIP = NO;
				DEBUG_INFORMATION_FORMAT = "dwarf-with-dsym";
				ENABLE_NS_ASSERTIONS = NO;
				ENABLE_STRICT_OBJC_MSGSEND = YES;
				GCC_C_LANGUAGE_STANDARD = gnu11;
				GCC_NO_COMMON_BLOCKS = YES;
				GCC_WARN_64_TO_32_BIT_CONVERSION = YES;
				GCC_WARN_ABOUT_RETURN_TYPE = YES_ERROR;
				GCC_WARN_UNDECLARED_SELECTOR = YES;
				GCC_WARN_UNINITIALIZED_AUTOS = YES_AGGRESSIVE;
				GCC_WARN_UNUSED_FUNCTION = YES;
				GCC_WARN_UNUSED_VARIABLE = YES;
				IPHONEOS_DEPLOYMENT_TARGET = 15.2;
				MTL_ENABLE_DEBUG_INFO = NO;
				MTL_FAST_MATH = YES;
				SDKROOT = iphoneos;
				SWIFT_COMPILATION_MODE = wholemodule;
				SWIFT_OPTIMIZATION_LEVEL = "-O";
				VALIDATE_PRODUCT = YES;
			};
			name = Release;
		};
		00BC0750276BBE7E0062FD3C /* Debug */ = {
			isa = XCBuildConfiguration;
			baseConfigurationReference = 653A9E2C8A7D72E3E3A246F7 /* Pods-Movies.debug.xcconfig */;
			buildSettings = {
				ASSETCATALOG_COMPILER_APPICON_NAME = AppIcon;
				ASSETCATALOG_COMPILER_GLOBAL_ACCENT_COLOR_NAME = AccentColor;
				CODE_SIGN_STYLE = Automatic;
				CURRENT_PROJECT_VERSION = 1;
				GENERATE_INFOPLIST_FILE = YES;
				INFOPLIST_FILE = Movies/Info.plist;
				INFOPLIST_KEY_UIApplicationSupportsIndirectInputEvents = YES;
				INFOPLIST_KEY_UILaunchStoryboardName = LaunchScreen;
				INFOPLIST_KEY_UIMainStoryboardFile = Main;
				INFOPLIST_KEY_UISupportedInterfaceOrientations_iPad = "UIInterfaceOrientationPortrait UIInterfaceOrientationPortraitUpsideDown UIInterfaceOrientationLandscapeLeft UIInterfaceOrientationLandscapeRight";
				INFOPLIST_KEY_UISupportedInterfaceOrientations_iPhone = "UIInterfaceOrientationPortrait UIInterfaceOrientationLandscapeLeft UIInterfaceOrientationLandscapeRight";
				LD_RUNPATH_SEARCH_PATHS = (
					"$(inherited)",
					"@executable_path/Frameworks",
				);
				MARKETING_VERSION = 1.0;
				PRODUCT_BUNDLE_IDENTIFIER = com.mujahid.Movies;
				PRODUCT_NAME = "$(TARGET_NAME)";
				SWIFT_EMIT_LOC_STRINGS = YES;
				SWIFT_VERSION = 5.0;
				TARGETED_DEVICE_FAMILY = "1,2";
			};
			name = Debug;
		};
		00BC0751276BBE7E0062FD3C /* Release */ = {
			isa = XCBuildConfiguration;
			baseConfigurationReference = B8916092D794F2DC17B37922 /* Pods-Movies.release.xcconfig */;
			buildSettings = {
				ASSETCATALOG_COMPILER_APPICON_NAME = AppIcon;
				ASSETCATALOG_COMPILER_GLOBAL_ACCENT_COLOR_NAME = AccentColor;
				CODE_SIGN_STYLE = Automatic;
				CURRENT_PROJECT_VERSION = 1;
				GENERATE_INFOPLIST_FILE = YES;
				INFOPLIST_FILE = Movies/Info.plist;
				INFOPLIST_KEY_UIApplicationSupportsIndirectInputEvents = YES;
				INFOPLIST_KEY_UILaunchStoryboardName = LaunchScreen;
				INFOPLIST_KEY_UIMainStoryboardFile = Main;
				INFOPLIST_KEY_UISupportedInterfaceOrientations_iPad = "UIInterfaceOrientationPortrait UIInterfaceOrientationPortraitUpsideDown UIInterfaceOrientationLandscapeLeft UIInterfaceOrientationLandscapeRight";
				INFOPLIST_KEY_UISupportedInterfaceOrientations_iPhone = "UIInterfaceOrientationPortrait UIInterfaceOrientationLandscapeLeft UIInterfaceOrientationLandscapeRight";
				LD_RUNPATH_SEARCH_PATHS = (
					"$(inherited)",
					"@executable_path/Frameworks",
				);
				MARKETING_VERSION = 1.0;
				PRODUCT_BUNDLE_IDENTIFIER = com.mujahid.Movies;
				PRODUCT_NAME = "$(TARGET_NAME)";
				SWIFT_EMIT_LOC_STRINGS = YES;
				SWIFT_VERSION = 5.0;
				TARGETED_DEVICE_FAMILY = "1,2";
			};
			name = Release;
		};
		00BC0753276BBE7E0062FD3C /* Debug */ = {
			isa = XCBuildConfiguration;
			baseConfigurationReference = 48B826EA6507ABF5381D6A79 /* Pods-MoviesTests.debug.xcconfig */;
			buildSettings = {
				ALWAYS_EMBED_SWIFT_STANDARD_LIBRARIES = YES;
				BUNDLE_LOADER = "$(TEST_HOST)";
				CODE_SIGN_STYLE = Automatic;
				CURRENT_PROJECT_VERSION = 1;
				GENERATE_INFOPLIST_FILE = YES;
				IPHONEOS_DEPLOYMENT_TARGET = 15.2;
				MARKETING_VERSION = 1.0;
				PRODUCT_BUNDLE_IDENTIFIER = com.mujahid.MoviesTests;
				PRODUCT_NAME = "$(TARGET_NAME)";
				SWIFT_EMIT_LOC_STRINGS = NO;
				SWIFT_VERSION = 5.0;
				TARGETED_DEVICE_FAMILY = "1,2";
				TEST_HOST = "$(BUILT_PRODUCTS_DIR)/Movies.app/Movies";
			};
			name = Debug;
		};
		00BC0754276BBE7E0062FD3C /* Release */ = {
			isa = XCBuildConfiguration;
			baseConfigurationReference = 95E81B509BB265E2A7C4A26D /* Pods-MoviesTests.release.xcconfig */;
			buildSettings = {
				ALWAYS_EMBED_SWIFT_STANDARD_LIBRARIES = YES;
				BUNDLE_LOADER = "$(TEST_HOST)";
				CODE_SIGN_STYLE = Automatic;
				CURRENT_PROJECT_VERSION = 1;
				GENERATE_INFOPLIST_FILE = YES;
				IPHONEOS_DEPLOYMENT_TARGET = 15.2;
				MARKETING_VERSION = 1.0;
				PRODUCT_BUNDLE_IDENTIFIER = com.mujahid.MoviesTests;
				PRODUCT_NAME = "$(TARGET_NAME)";
				SWIFT_EMIT_LOC_STRINGS = NO;
				SWIFT_VERSION = 5.0;
				TARGETED_DEVICE_FAMILY = "1,2";
				TEST_HOST = "$(BUILT_PRODUCTS_DIR)/Movies.app/Movies";
			};
			name = Release;
		};
		00BC0756276BBE7E0062FD3C /* Debug */ = {
			isa = XCBuildConfiguration;
			baseConfigurationReference = 269CB95561A55BA42CE915C7 /* Pods-Movies-MoviesUITests.debug.xcconfig */;
			buildSettings = {
				ALWAYS_EMBED_SWIFT_STANDARD_LIBRARIES = YES;
				CODE_SIGN_STYLE = Automatic;
				CURRENT_PROJECT_VERSION = 1;
				GENERATE_INFOPLIST_FILE = YES;
				MARKETING_VERSION = 1.0;
				PRODUCT_BUNDLE_IDENTIFIER = com.mujahid.MoviesUITests;
				PRODUCT_NAME = "$(TARGET_NAME)";
				SWIFT_EMIT_LOC_STRINGS = NO;
				SWIFT_VERSION = 5.0;
				TARGETED_DEVICE_FAMILY = "1,2";
				TEST_TARGET_NAME = Movies;
			};
			name = Debug;
		};
		00BC0757276BBE7E0062FD3C /* Release */ = {
			isa = XCBuildConfiguration;
			baseConfigurationReference = 06D7D61DEE219F9EB12D9BF1 /* Pods-Movies-MoviesUITests.release.xcconfig */;
			buildSettings = {
				ALWAYS_EMBED_SWIFT_STANDARD_LIBRARIES = YES;
				CODE_SIGN_STYLE = Automatic;
				CURRENT_PROJECT_VERSION = 1;
				GENERATE_INFOPLIST_FILE = YES;
				MARKETING_VERSION = 1.0;
				PRODUCT_BUNDLE_IDENTIFIER = com.mujahid.MoviesUITests;
				PRODUCT_NAME = "$(TARGET_NAME)";
				SWIFT_EMIT_LOC_STRINGS = NO;
				SWIFT_VERSION = 5.0;
				TARGETED_DEVICE_FAMILY = "1,2";
				TEST_TARGET_NAME = Movies;
			};
			name = Release;
		};
/* End XCBuildConfiguration section */

/* Begin XCConfigurationList section */
		00BC071D276BBE760062FD3C /* Build configuration list for PBXProject "Movies" */ = {
			isa = XCConfigurationList;
			buildConfigurations = (
				00BC074D276BBE7E0062FD3C /* Debug */,
				00BC074E276BBE7E0062FD3C /* Release */,
			);
			defaultConfigurationIsVisible = 0;
			defaultConfigurationName = Release;
		};
		00BC074F276BBE7E0062FD3C /* Build configuration list for PBXNativeTarget "Movies" */ = {
			isa = XCConfigurationList;
			buildConfigurations = (
				00BC0750276BBE7E0062FD3C /* Debug */,
				00BC0751276BBE7E0062FD3C /* Release */,
			);
			defaultConfigurationIsVisible = 0;
			defaultConfigurationName = Release;
		};
		00BC0752276BBE7E0062FD3C /* Build configuration list for PBXNativeTarget "MoviesTests" */ = {
			isa = XCConfigurationList;
			buildConfigurations = (
				00BC0753276BBE7E0062FD3C /* Debug */,
				00BC0754276BBE7E0062FD3C /* Release */,
			);
			defaultConfigurationIsVisible = 0;
			defaultConfigurationName = Release;
		};
		00BC0755276BBE7E0062FD3C /* Build configuration list for PBXNativeTarget "MoviesUITests" */ = {
			isa = XCConfigurationList;
			buildConfigurations = (
				00BC0756276BBE7E0062FD3C /* Debug */,
				00BC0757276BBE7E0062FD3C /* Release */,
			);
			defaultConfigurationIsVisible = 0;
			defaultConfigurationName = Release;
		};
/* End XCConfigurationList section */

/* Begin XCVersionGroup section */
		00BC072E276BBE760062FD3C /* Movies.xcdatamodeld */ = {
			isa = XCVersionGroup;
			children = (
				00BC072F276BBE760062FD3C /* Movies.xcdatamodel */,
			);
			currentVersion = 00BC072F276BBE760062FD3C /* Movies.xcdatamodel */;
			path = Movies.xcdatamodeld;
			sourceTree = "<group>";
			versionGroupType = wrapper.xcdatamodel;
		};
/* End XCVersionGroup section */
	};
	rootObject = 00BC071A276BBE760062FD3C /* Project object */;
}
